
Microsoft Visual Studio Solution File, Format Version 12.00
# Visual Studio Version 17
VisualStudioVersion = 17.11.35312.102
MinimumVisualStudioVersion = 10.0.40219.1
Project("{FAE04EC0-301F-11D3-BF4B-00C04F79EFBC}") = "GP_Console", "GP_Console\GP_Console.csproj", "{63EB44C9-810C-4A0C-B58C-DFE0076B7A85}"
EndProject
Project("{FAE04EC0-301F-11D3-BF4B-00C04F79EFBC}") = "GP_ApplicationCore", "GP_ApplicationCore\GP_ApplicationCore.csproj", "{4066360A-7E58-45AA-B17B-8CBB3A3D4121}"
EndProject
Project("{FAE04EC0-301F-11D3-BF4B-00C04F79EFBC}") = "GP_Infrastructure", "GP_Infrastructure\GP_Infrastructure.csproj", "{0C300021-12F2-446E-A60C-B2D58ADF3842}"
EndProject
Global
	GlobalSection(SolutionConfigurationPlatforms) = preSolution
		Debug|Any CPU = Debug|Any CPU
		Release|Any CPU = Release|Any CPU
	EndGlobalSection
	GlobalSection(ProjectConfigurationPlatforms) = postSolution
		{63EB44C9-810C-4A0C-B58C-DFE0076B7A85}.Debug|Any CPU.ActiveCfg = Debug|Any CPU
		{63EB44C9-810C-4A0C-B58C-DFE0076B7A85}.Debug|Any CPU.Build.0 = Debug|Any CPU
		{63EB44C9-810C-4A0C-B58C-DFE0076B7A85}.Release|Any CPU.ActiveCfg = Release|Any CPU
		{63EB44C9-810C-4A0C-B58C-DFE0076B7A85}.Release|Any CPU.Build.0 = Release|Any CPU
		{4066360A-7E58-45AA-B17B-8CBB3A3D4121}.Debug|Any CPU.ActiveCfg = Debug|Any CPU
		{4066360A-7E58-45AA-B17B-8CBB3A3D4121}.Debug|Any CPU.Build.0 = Debug|Any CPU
		{4066360A-7E58-45AA-B17B-8CBB3A3D4121}.Release|Any CPU.ActiveCfg = Release|Any CPU
		{4066360A-7E58-45AA-B17B-8CBB3A3D4121}.Release|Any CPU.Build.0 = Release|Any CPU
		{0C300021-12F2-446E-A60C-B2D58ADF3842}.Debug|Any CPU.ActiveCfg = Debug|Any CPU
		{0C300021-12F2-446E-A60C-B2D58ADF3842}.Debug|Any CPU.Build.0 = Debug|Any CPU
		{0C300021-12F2-446E-A60C-B2D58ADF3842}.Release|Any CPU.ActiveCfg = Release|Any CPU
		{0C300021-12F2-446E-A60C-B2D58ADF3842}.Release|Any CPU.Build.0 = Release|Any CPU
	EndGlobalSection
	GlobalSection(SolutionProperties) = preSolution
		HideSolutionNode = FALSE
	EndGlobalSection
	GlobalSection(ExtensibilityGlobals) = postSolution
		SolutionGuid = {6A14880E-555B-4D6C-A98E-068483DFF9A6}
	EndGlobalSection
EndGlobal
